# THIS IS AN AUTOGENERATED FILE. DO NOT EDIT THIS FILE DIRECTLY.
# yarn lockfile v1


"@vant/weapp@^1.11.1":
  version "1.11.1"
  resolved "https://registry.npmmirror.com/@vant/weapp/-/weapp-1.11.1.tgz#26d3196751bb3602b2801554bac346d42d2e88b7"
  integrity sha512-2QddSq3MsozbTBAgEmW1rhzsEJNWPF2VS427M5pOOn0a7/f6lW+tymwdTcOQCzQONavhFwBv6Lebbs/UjE3Yig==

jsbn@^1.1.0:
  version "1.1.0"
  resolved "https://registry.npmmirror.com/jsbn/-/jsbn-1.1.0.tgz#b01307cb29b618a1ed26ec79e911f803c4da0040"
  integrity sha512-4bYVV3aAMtDTTu4+xsDYa6sy9GyJ69/amsu9sYF2zqjiEoZA5xJi3BrfX3uY+/IekIu7MwdObdbDWpoZdBv3/A==

miniprogram-api-typings@^3.12.0:
  version "3.12.0"
  resolved "https://registry.npmmirror.com/miniprogram-api-typings/-/miniprogram-api-typings-3.12.0.tgz#c42ba7606b3c7ca93725baa6d0353e02b3edad88"
  integrity sha512-tE0zjq+3bFEgUROzCjXTdtLY+FmqiTX4kZWXc8bCC7M9wSHCriBz+ga1E2i1PcI+DQJoz2cyK8Cv2exJv6XEzA==

miniprogram-sm-crypto@^0.3.12:
  version "0.3.12"
  resolved "https://registry.npmmirror.com/miniprogram-sm-crypto/-/miniprogram-sm-crypto-0.3.12.tgz#ede6e89249816c92ec72f1a1c09afe351ddeaee6"
  integrity sha512-/Wani+gluE8mD3Q+6VeHTjooLD+mS0lo6kS9FIS3XSCh2m8z446sXrFtmENN6pJgh7iB2YJTyFiXgBihNt2/yw==
  dependencies:
    jsbn "^1.1.0"
